
Microsoft Visual Studio Solution File, Format Version 12.00
# Visual Studio Version 17
VisualStudioVersion = 17.9.34714.143
MinimumVisualStudioVersion = 10.0.40219.1
Project("{FAE04EC0-301F-11D3-BF4B-00C04F79EFBC}") = "IlhanAydinOdev", "IlhanAydinOdev\IlhanAydinOdev.csproj", "{01C25F63-F432-4F79-AA03-14EFADD3743B}"
EndProject
Global
	GlobalSection(SolutionConfigurationPlatforms) = preSolution
		Debug|Any CPU = Debug|Any CPU
		Release|Any CPU = Release|Any CPU
	EndGlobalSection
	GlobalSection(ProjectConfigurationPlatforms) = postSolution
		{01C25F63-F432-4F79-AA03-14EFADD3743B}.Debug|Any CPU.ActiveCfg = Debug|Any CPU
		{01C25F63-F432-4F79-AA03-14EFADD3743B}.Debug|Any CPU.Build.0 = Debug|Any CPU
		{01C25F63-F432-4F79-AA03-14EFADD3743B}.Release|Any CPU.ActiveCfg = Release|Any CPU
		{01C25F63-F432-4F79-AA03-14EFADD3743B}.Release|Any CPU.Build.0 = Release|Any CPU
	EndGlobalSection
	GlobalSection(SolutionProperties) = preSolution
		HideSolutionNode = FALSE
	EndGlobalSection
	GlobalSection(ExtensibilityGlobals) = postSolution
		SolutionGuid = {E648459B-5AD5-45F3-8B7C-44EF95E775D7}
	EndGlobalSection
EndGlobal
